
Microsoft Visual Studio Solution File, Format Version 12.00
# Visual Studio Version 17
VisualStudioVersion = 17.8.34330.188
MinimumVisualStudioVersion = 10.0.40219.1
Project("{FAE04EC0-301F-11D3-BF4B-00C04F79EFBC}") = "audioplatform_cs", "audioplatform_cs.csproj", "{FE54D73B-D93C-491E-B517-9C2CF926DD03}"
EndProject
Global
	GlobalSection(SolutionConfigurationPlatforms) = preSolution
		Debug|Any CPU = Debug|Any CPU
		Release|Any CPU = Release|Any CPU
	EndGlobalSection
	GlobalSection(ProjectConfigurationPlatforms) = postSolution
		{FE54D73B-D93C-491E-B517-9C2CF926DD03}.Debug|Any CPU.ActiveCfg = Debug|Any CPU
		{FE54D73B-D93C-491E-B517-9C2CF926DD03}.Debug|Any CPU.Build.0 = Debug|Any CPU
		{FE54D73B-D93C-491E-B517-9C2CF926DD03}.Release|Any CPU.ActiveCfg = Release|Any CPU
		{FE54D73B-D93C-491E-B517-9C2CF926DD03}.Release|Any CPU.Build.0 = Release|Any CPU
	EndGlobalSection
	GlobalSection(SolutionProperties) = preSolution
		HideSolutionNode = FALSE
	EndGlobalSection
	GlobalSection(ExtensibilityGlobals) = postSolution
		SolutionGuid = {8196D181-8A61-4D70-A6D9-005C6448D7C4}
	EndGlobalSection
EndGlobal
